
Microsoft Visual Studio Solution File, Format Version 12.00
Project("{2150E333-8FDC-42A3-9474-1A3956D46DE8}") = "src", "src", "{827E0CD3-B72D-47B6-A68D-7590B98EB39B}"
EndProject
Project("{FAE04EC0-301F-11D3-BF4B-00C04F79EFBC}") = "TiroTime.Domain", "src\TiroTime.Domain\TiroTime.Domain.csproj", "{C746ABFC-0574-4177-A95D-771292E604F1}"
EndProject
Project("{FAE04EC0-301F-11D3-BF4B-00C04F79EFBC}") = "TiroTime.Application", "src\TiroTime.Application\TiroTime.Application.csproj", "{4871321D-8FFB-461A-B783-7675AD93A404}"
EndProject
Project("{FAE04EC0-301F-11D3-BF4B-00C04F79EFBC}") = "TiroTime.Infrastructure", "src\TiroTime.Infrastructure\TiroTime.Infrastructure.csproj", "{3695333D-657C-43A7-BB0F-67EADB7EC70E}"
EndProject
Project("{FAE04EC0-301F-11D3-BF4B-00C04F79EFBC}") = "TiroTime.Web", "src\TiroTime.Web\TiroTime.Web.csproj", "{C77E2079-F19B-4134-B6CA-9A8BA7006818}"
EndProject
Project("{2150E333-8FDC-42A3-9474-1A3956D46DE8}") = "tests", "tests", "{0AB3BF05-4346-4AA6-1389-037BE0695223}"
EndProject
Project("{FAE04EC0-301F-11D3-BF4B-00C04F79EFBC}") = "TiroTime.Domain.Tests", "tests\TiroTime.Domain.Tests\TiroTime.Domain.Tests.csproj", "{BDE3161D-1C7E-4F73-AC2C-3539565CEFFB}"
EndProject
Project("{FAE04EC0-301F-11D3-BF4B-00C04F79EFBC}") = "TiroTime.Application.Tests", "tests\TiroTime.Application.Tests\TiroTime.Application.Tests.csproj", "{1295234C-52E0-4CD9-B38A-4B95BDD6EC32}"
EndProject
Global
	GlobalSection(SolutionConfigurationPlatforms) = preSolution
		Debug|Any CPU = Debug|Any CPU
		Debug|x64 = Debug|x64
		Debug|x86 = Debug|x86
		Release|Any CPU = Release|Any CPU
		Release|x64 = Release|x64
		Release|x86 = Release|x86
	EndGlobalSection
	GlobalSection(ProjectConfigurationPlatforms) = postSolution
		{C746ABFC-0574-4177-A95D-771292E604F1}.Debug|Any CPU.ActiveCfg = Debug|Any CPU
		{C746ABFC-0574-4177-A95D-771292E604F1}.Debug|Any CPU.Build.0 = Debug|Any CPU
		{C746ABFC-0574-4177-A95D-771292E604F1}.Debug|x64.ActiveCfg = Debug|Any CPU
		{C746ABFC-0574-4177-A95D-771292E604F1}.Debug|x64.Build.0 = Debug|Any CPU
		{C746ABFC-0574-4177-A95D-771292E604F1}.Debug|x86.ActiveCfg = Debug|Any CPU
		{C746ABFC-0574-4177-A95D-771292E604F1}.Debug|x86.Build.0 = Debug|Any CPU
		{C746ABFC-0574-4177-A95D-771292E604F1}.Release|Any CPU.ActiveCfg = Release|Any CPU
		{C746ABFC-0574-4177-A95D-771292E604F1}.Release|Any CPU.Build.0 = Release|Any CPU
		{C746ABFC-0574-4177-A95D-771292E604F1}.Release|x64.ActiveCfg = Release|Any CPU
		{C746ABFC-0574-4177-A95D-771292E604F1}.Release|x64.Build.0 = Release|Any CPU
		{C746ABFC-0574-4177-A95D-771292E604F1}.Release|x86.ActiveCfg = Release|Any CPU
		{C746ABFC-0574-4177-A95D-771292E604F1}.Release|x86.Build.0 = Release|Any CPU
		{4871321D-8FFB-461A-B783-7675AD93A404}.Debug|Any CPU.ActiveCfg = Debug|Any CPU
		{4871321D-8FFB-461A-B783-7675AD93A404}.Debug|Any CPU.Build.0 = Debug|Any CPU
		{4871321D-8FFB-461A-B783-7675AD93A404}.Debug|x64.ActiveCfg = Debug|Any CPU
		{4871321D-8FFB-461A-B783-7675AD93A404}.Debug|x64.Build.0 = Debug|Any CPU
		{4871321D-8FFB-461A-B783-7675AD93A404}.Debug|x86.ActiveCfg = Debug|Any CPU
		{4871321D-8FFB-461A-B783-7675AD93A404}.Debug|x86.Build.0 = Debug|Any CPU
		{4871321D-8FFB-461A-B783-7675AD93A404}.Release|Any CPU.ActiveCfg = Release|Any CPU
		{4871321D-8FFB-461A-B783-7675AD93A404}.Release|Any CPU.Build.0 = Release|Any CPU
		{4871321D-8FFB-461A-B783-7675AD93A404}.Release|x64.ActiveCfg = Release|Any CPU
		{4871321D-8FFB-461A-B783-7675AD93A404}.Release|x64.Build.0 = Release|Any CPU
		{4871321D-8FFB-461A-B783-7675AD93A404}.Release|x86.ActiveCfg = Release|Any CPU
		{4871321D-8FFB-461A-B783-7675AD93A404}.Release|x86.Build.0 = Release|Any CPU
		{3695333D-657C-43A7-BB0F-67EADB7EC70E}.Debug|Any CPU.ActiveCfg = Debug|Any CPU
		{3695333D-657C-43A7-BB0F-67EADB7EC70E}.Debug|Any CPU.Build.0 = Debug|Any CPU
		{3695333D-657C-43A7-BB0F-67EADB7EC70E}.Debug|x64.ActiveCfg = Debug|Any CPU
		{3695333D-657C-43A7-BB0F-67EADB7EC70E}.Debug|x64.Build.0 = Debug|Any CPU
		{3695333D-657C-43A7-BB0F-67EADB7EC70E}.Debug|x86.ActiveCfg = Debug|Any CPU
		{3695333D-657C-43A7-BB0F-67EADB7EC70E}.Debug|x86.Build.0 = Debug|Any CPU
		{3695333D-657C-43A7-BB0F-67EADB7EC70E}.Release|Any CPU.ActiveCfg = Release|Any CPU
		{3695333D-657C-43A7-BB0F-67EADB7EC70E}.Release|Any CPU.Build.0 = Release|Any CPU
		{3695333D-657C-43A7-BB0F-67EADB7EC70E}.Release|x64.ActiveCfg = Release|Any CPU
		{3695333D-657C-43A7-BB0F-67EADB7EC70E}.Release|x64.Build.0 = Release|Any CPU
		{3695333D-657C-43A7-BB0F-67EADB7EC70E}.Release|x86.ActiveCfg = Release|Any CPU
		{3695333D-657C-43A7-BB0F-67EADB7EC70E}.Release|x86.Build.0 = Release|Any CPU
		{C77E2079-F19B-4134-B6CA-9A8BA7006818}.Debug|Any CPU.ActiveCfg = Debug|Any CPU
		{C77E2079-F19B-4134-B6CA-9A8BA7006818}.Debug|Any CPU.Build.0 = Debug|Any CPU
		{C77E2079-F19B-4134-B6CA-9A8BA7006818}.Debug|x64.ActiveCfg = Debug|Any CPU
		{C77E2079-F19B-4134-B6CA-9A8BA7006818}.Debug|x64.Build.0 = Debug|Any CPU
		{C77E2079-F19B-4134-B6CA-9A8BA7006818}.Debug|x86.ActiveCfg = Debug|Any CPU
		{C77E2079-F19B-4134-B6CA-9A8BA7006818}.Debug|x86.Build.0 = Debug|Any CPU
		{C77E2079-F19B-4134-B6CA-9A8BA7006818}.Release|Any CPU.ActiveCfg = Release|Any CPU
		{C77E2079-F19B-4134-B6CA-9A8BA7006818}.Release|Any CPU.Build.0 = Release|Any CPU
		{C77E2079-F19B-4134-B6CA-9A8BA7006818}.Release|x64.ActiveCfg = Release|Any CPU
		{C77E2079-F19B-4134-B6CA-9A8BA7006818}.Release|x64.Build.0 = Release|Any CPU
		{C77E2079-F19B-4134-B6CA-9A8BA7006818}.Release|x86.ActiveCfg = Release|Any CPU
		{C77E2079-F19B-4134-B6CA-9A8BA7006818}.Release|x86.Build.0 = Release|Any CPU
		{BDE3161D-1C7E-4F73-AC2C-3539565CEFFB}.Debug|Any CPU.ActiveCfg = Debug|Any CPU
		{BDE3161D-1C7E-4F73-AC2C-3539565CEFFB}.Debug|Any CPU.Build.0 = Debug|Any CPU
		{BDE3161D-1C7E-4F73-AC2C-3539565CEFFB}.Debug|x64.ActiveCfg = Debug|Any CPU
		{BDE3161D-1C7E-4F73-AC2C-3539565CEFFB}.Debug|x64.Build.0 = Debug|Any CPU
		{BDE3161D-1C7E-4F73-AC2C-3539565CEFFB}.Debug|x86.ActiveCfg = Debug|Any CPU
		{BDE3161D-1C7E-4F73-AC2C-3539565CEFFB}.Debug|x86.Build.0 = Debug|Any CPU
		{BDE3161D-1C7E-4F73-AC2C-3539565CEFFB}.Release|Any CPU.ActiveCfg = Release|Any CPU
		{BDE3161D-1C7E-4F73-AC2C-3539565CEFFB}.Release|Any CPU.Build.0 = Release|Any CPU
		{BDE3161D-1C7E-4F73-AC2C-3539565CEFFB}.Release|x64.ActiveCfg = Release|Any CPU
		{BDE3161D-1C7E-4F73-AC2C-3539565CEFFB}.Release|x64.Build.0 = Release|Any CPU
		{BDE3161D-1C7E-4F73-AC2C-3539565CEFFB}.Release|x86.ActiveCfg = Release|Any CPU
		{BDE3161D-1C7E-4F73-AC2C-3539565CEFFB}.Release|x86.Build.0 = Release|Any CPU
		{1295234C-52E0-4CD9-B38A-4B95BDD6EC32}.Debug|Any CPU.ActiveCfg = Debug|Any CPU
		{1295234C-52E0-4CD9-B38A-4B95BDD6EC32}.Debug|Any CPU.Build.0 = Debug|Any CPU
		{1295234C-52E0-4CD9-B38A-4B95BDD6EC32}.Debug|x64.ActiveCfg = Debug|Any CPU
		{1295234C-52E0-4CD9-B38A-4B95BDD6EC32}.Debug|x64.Build.0 = Debug|Any CPU
		{1295234C-52E0-4CD9-B38A-4B95BDD6EC32}.Debug|x86.ActiveCfg = Debug|Any CPU
		{1295234C-52E0-4CD9-B38A-4B95BDD6EC32}.Debug|x86.Build.0 = Debug|Any CPU
		{1295234C-52E0-4CD9-B38A-4B95BDD6EC32}.Release|Any CPU.ActiveCfg = Release|Any CPU
		{1295234C-52E0-4CD9-B38A-4B95BDD6EC32}.Release|Any CPU.Build.0 = Release|Any CPU
		{1295234C-52E0-4CD9-B38A-4B95BDD6EC32}.Release|x64.ActiveCfg = Release|Any CPU
		{1295234C-52E0-4CD9-B38A-4B95BDD6EC32}.Release|x64.Build.0 = Release|Any CPU
		{1295234C-52E0-4CD9-B38A-4B95BDD6EC32}.Release|x86.ActiveCfg = Release|Any CPU
		{1295234C-52E0-4CD9-B38A-4B95BDD6EC32}.Release|x86.Build.0 = Release|Any CPU
	EndGlobalSection
	GlobalSection(SolutionProperties) = preSolution
		HideSolutionNode = FALSE
	EndGlobalSection
	GlobalSection(NestedProjects) = preSolution
		{C746ABFC-0574-4177-A95D-771292E604F1} = {827E0CD3-B72D-47B6-A68D-7590B98EB39B}
		{4871321D-8FFB-461A-B783-7675AD93A404} = {827E0CD3-B72D-47B6-A68D-7590B98EB39B}
		{3695333D-657C-43A7-BB0F-67EADB7EC70E} = {827E0CD3-B72D-47B6-A68D-7590B98EB39B}
		{C77E2079-F19B-4134-B6CA-9A8BA7006818} = {827E0CD3-B72D-47B6-A68D-7590B98EB39B}
		{BDE3161D-1C7E-4F73-AC2C-3539565CEFFB} = {0AB3BF05-4346-4AA6-1389-037BE0695223}
		{1295234C-52E0-4CD9-B38A-4B95BDD6EC32} = {0AB3BF05-4346-4AA6-1389-037BE0695223}
	EndGlobalSection
EndGlobal
